
Microsoft Visual Studio Solution File, Format Version 12.00
# Visual Studio 15
Project("{FAE04EC0-301F-11D3-BF4B-00C04F79EFBC}") = "TopNugetPackages", "TopNugetPackages\TopNugetPackages.csproj", "{F98DB8FC-971F-4653-AD48-1FE055DBEA03}"
EndProject
Global
	GlobalSection(SolutionConfigurationPlatforms) = preSolution
		Debug|Any CPU = Debug|Any CPU
		Release|Any CPU = Release|Any CPU
	EndGlobalSection
	GlobalSection(ProjectConfigurationPlatforms) = postSolution
		{F98DB8FC-971F-4653-AD48-1FE055DBEA03}.Debug|Any CPU.ActiveCfg = Debug|Any CPU
		{F98DB8FC-971F-4653-AD48-1FE055DBEA03}.Debug|Any CPU.Build.0 = Debug|Any CPU
		{F98DB8FC-971F-4653-AD48-1FE055DBEA03}.Release|Any CPU.ActiveCfg = Release|Any CPU
		{F98DB8FC-971F-4653-AD48-1FE055DBEA03}.Release|Any CPU.Build.0 = Release|Any CPU
	EndGlobalSection
EndGlobal
